
Microsoft Visual Studio Solution File, Format Version 12.00
# Visual Studio Version 17
VisualStudioVersion = 17.8.34525.116
MinimumVisualStudioVersion = 10.0.40219.1
Project("{FAE04EC0-301F-11D3-BF4B-00C04F79EFBC}") = "StackPostFix", "StackPostFix.csproj", "{0FAA3979-B90E-43DB-86AC-51087D6F8D02}"
EndProject
Global
	GlobalSection(SolutionConfigurationPlatforms) = preSolution
		Debug|Any CPU = Debug|Any CPU
		Release|Any CPU = Release|Any CPU
	EndGlobalSection
	GlobalSection(ProjectConfigurationPlatforms) = postSolution
		{0FAA3979-B90E-43DB-86AC-51087D6F8D02}.Debug|Any CPU.ActiveCfg = Debug|Any CPU
		{0FAA3979-B90E-43DB-86AC-51087D6F8D02}.Debug|Any CPU.Build.0 = Debug|Any CPU
		{0FAA3979-B90E-43DB-86AC-51087D6F8D02}.Release|Any CPU.ActiveCfg = Release|Any CPU
		{0FAA3979-B90E-43DB-86AC-51087D6F8D02}.Release|Any CPU.Build.0 = Release|Any CPU
	EndGlobalSection
	GlobalSection(SolutionProperties) = preSolution
		HideSolutionNode = FALSE
	EndGlobalSection
	GlobalSection(ExtensibilityGlobals) = postSolution
		SolutionGuid = {0A9D7077-9582-4B2D-BCF6-ABB7D7B674FC}
	EndGlobalSection
EndGlobal
