
Microsoft Visual Studio Solution File, Format Version 12.00
# Visual Studio Version 17
VisualStudioVersion = 17.9.34728.123
MinimumVisualStudioVersion = 10.0.40219.1
Project("{FAE04EC0-301F-11D3-BF4B-00C04F79EFBC}") = "LabActOOP", "LabActOOP.csproj", "{04B611FA-6C8A-4F06-93BA-389D1AC3078D}"
EndProject
Global
	GlobalSection(SolutionConfigurationPlatforms) = preSolution
		Debug|Any CPU = Debug|Any CPU
		Release|Any CPU = Release|Any CPU
	EndGlobalSection
	GlobalSection(ProjectConfigurationPlatforms) = postSolution
		{04B611FA-6C8A-4F06-93BA-389D1AC3078D}.Debug|Any CPU.ActiveCfg = Debug|Any CPU
		{04B611FA-6C8A-4F06-93BA-389D1AC3078D}.Debug|Any CPU.Build.0 = Debug|Any CPU
		{04B611FA-6C8A-4F06-93BA-389D1AC3078D}.Release|Any CPU.ActiveCfg = Release|Any CPU
		{04B611FA-6C8A-4F06-93BA-389D1AC3078D}.Release|Any CPU.Build.0 = Release|Any CPU
	EndGlobalSection
	GlobalSection(SolutionProperties) = preSolution
		HideSolutionNode = FALSE
	EndGlobalSection
	GlobalSection(ExtensibilityGlobals) = postSolution
		SolutionGuid = {CEB2A1C3-1F97-444E-9CD0-019B6606DED4}
	EndGlobalSection
EndGlobal
